
Microsoft Visual Studio Solution File, Format Version 12.00
# Visual Studio Version 17
VisualStudioVersion = 17.8.34408.163
MinimumVisualStudioVersion = 10.0.40219.1
Project("{9A19103F-16F7-4668-BE54-9A1E7A4F7556}") = "YiiColorBulbWeb", "Plugins\YiiColorBulb\YiiColorBulbWeb\YiiColorBulbWeb.csproj", "{25865EE5-3E16-4336-AAE7-99CAD804A9F3}"
EndProject
Project("{9A19103F-16F7-4668-BE54-9A1E7A4F7556}") = "TestPluginWeb", "Plugins\TestPlugin\TestPluginWeb\TestPluginWeb.csproj", "{624BF4EC-5035-4322-9A99-874A716500C9}"
EndProject
Project("{2150E333-8FDC-42A3-9474-1A3956D46DE8}") = "Plugins", "Plugins", "{D5F05EB9-B86C-49B1-B512-DBEF24D7B84F}"
EndProject
Project("{2150E333-8FDC-42A3-9474-1A3956D46DE8}") = "Host", "Host", "{4927043A-B319-4695-9E58-D0F04BD2D8D9}"
EndProject
Project("{2150E333-8FDC-42A3-9474-1A3956D46DE8}") = "TestPlugin", "TestPlugin", "{0758DA89-220F-4DA0-8A09-D7AA4A26BE71}"
EndProject
Project("{2150E333-8FDC-42A3-9474-1A3956D46DE8}") = "YiiColorBulb", "YiiColorBulb", "{8B62FDA3-60B6-4106-A61C-2C0D299045B6}"
EndProject
Project("{9A19103F-16F7-4668-BE54-9A1E7A4F7556}") = "TestPluginWpf", "Plugins\TestPlugin\TestPluginWpf\TestPluginWpf.csproj", "{ADF7905C-E7E8-450D-AEFC-B8738D8B5293}"
EndProject
Project("{9A19103F-16F7-4668-BE54-9A1E7A4F7556}") = "HostWpfClient", "Host\HostWpfClient\HostWpfClient.csproj", "{81627BE2-B5AB-4628-A3D5-730D91D273B0}"
EndProject
Project("{2150E333-8FDC-42A3-9474-1A3956D46DE8}") = "Infrastructure", "Infrastructure", "{0C69BB82-2375-4B23-AA3D-99A539F860D4}"
EndProject
Project("{9A19103F-16F7-4668-BE54-9A1E7A4F7556}") = "WebInfrastructure", "Infrastructure\WebInfrastructure\WebInfrastructure.csproj", "{B990F3BC-7D9E-42D8-B02A-6AB1630D12DC}"
EndProject
Project("{9A19103F-16F7-4668-BE54-9A1E7A4F7556}") = "WpfInfrastructure", "Infrastructure\WpfInfrastructure\WpfInfrastructure.csproj", "{127912FA-B9E2-4185-A13C-A35CBF139DB5}"
EndProject
Project("{9A19103F-16F7-4668-BE54-9A1E7A4F7556}") = "CommonInfrastructure", "Infrastructure\CommonInfrastructure\CommonInfrastructure.csproj", "{67AD2CB8-00C6-4866-99C7-769350115B9C}"
EndProject
Project("{9A19103F-16F7-4668-BE54-9A1E7A4F7556}") = "HostData", "Host\HostData\HostData.csproj", "{9A4EAE54-1FE0-4352-9487-5A346B23DA68}"
EndProject
Project("{9A19103F-16F7-4668-BE54-9A1E7A4F7556}") = "TestData", "Plugins\TestPlugin\TestData\TestData.csproj", "{2C301F0C-9D3E-462D-8694-7C95896A33F5}"
EndProject
Project("{9A19103F-16F7-4668-BE54-9A1E7A4F7556}") = "HostWeb", "Host\HostWeb\HostWeb.csproj", "{5DDE183B-19CE-46C9-979D-078986752F67}"
EndProject
Global
	GlobalSection(SolutionConfigurationPlatforms) = preSolution
		Debug|Any CPU = Debug|Any CPU
		Release|Any CPU = Release|Any CPU
	EndGlobalSection
	GlobalSection(ProjectConfigurationPlatforms) = postSolution
		{25865EE5-3E16-4336-AAE7-99CAD804A9F3}.Debug|Any CPU.ActiveCfg = Debug|Any CPU
		{25865EE5-3E16-4336-AAE7-99CAD804A9F3}.Debug|Any CPU.Build.0 = Debug|Any CPU
		{25865EE5-3E16-4336-AAE7-99CAD804A9F3}.Release|Any CPU.ActiveCfg = Release|Any CPU
		{25865EE5-3E16-4336-AAE7-99CAD804A9F3}.Release|Any CPU.Build.0 = Release|Any CPU
		{624BF4EC-5035-4322-9A99-874A716500C9}.Debug|Any CPU.ActiveCfg = Debug|Any CPU
		{624BF4EC-5035-4322-9A99-874A716500C9}.Debug|Any CPU.Build.0 = Debug|Any CPU
		{624BF4EC-5035-4322-9A99-874A716500C9}.Release|Any CPU.ActiveCfg = Release|Any CPU
		{624BF4EC-5035-4322-9A99-874A716500C9}.Release|Any CPU.Build.0 = Release|Any CPU
		{ADF7905C-E7E8-450D-AEFC-B8738D8B5293}.Debug|Any CPU.ActiveCfg = Debug|Any CPU
		{ADF7905C-E7E8-450D-AEFC-B8738D8B5293}.Debug|Any CPU.Build.0 = Debug|Any CPU
		{ADF7905C-E7E8-450D-AEFC-B8738D8B5293}.Release|Any CPU.ActiveCfg = Release|Any CPU
		{ADF7905C-E7E8-450D-AEFC-B8738D8B5293}.Release|Any CPU.Build.0 = Release|Any CPU
		{81627BE2-B5AB-4628-A3D5-730D91D273B0}.Debug|Any CPU.ActiveCfg = Debug|Any CPU
		{81627BE2-B5AB-4628-A3D5-730D91D273B0}.Debug|Any CPU.Build.0 = Debug|Any CPU
		{81627BE2-B5AB-4628-A3D5-730D91D273B0}.Release|Any CPU.ActiveCfg = Release|Any CPU
		{81627BE2-B5AB-4628-A3D5-730D91D273B0}.Release|Any CPU.Build.0 = Release|Any CPU
		{B990F3BC-7D9E-42D8-B02A-6AB1630D12DC}.Debug|Any CPU.ActiveCfg = Debug|Any CPU
		{B990F3BC-7D9E-42D8-B02A-6AB1630D12DC}.Debug|Any CPU.Build.0 = Debug|Any CPU
		{B990F3BC-7D9E-42D8-B02A-6AB1630D12DC}.Release|Any CPU.ActiveCfg = Release|Any CPU
		{B990F3BC-7D9E-42D8-B02A-6AB1630D12DC}.Release|Any CPU.Build.0 = Release|Any CPU
		{127912FA-B9E2-4185-A13C-A35CBF139DB5}.Debug|Any CPU.ActiveCfg = Debug|Any CPU
		{127912FA-B9E2-4185-A13C-A35CBF139DB5}.Debug|Any CPU.Build.0 = Debug|Any CPU
		{127912FA-B9E2-4185-A13C-A35CBF139DB5}.Release|Any CPU.ActiveCfg = Release|Any CPU
		{127912FA-B9E2-4185-A13C-A35CBF139DB5}.Release|Any CPU.Build.0 = Release|Any CPU
		{67AD2CB8-00C6-4866-99C7-769350115B9C}.Debug|Any CPU.ActiveCfg = Debug|Any CPU
		{67AD2CB8-00C6-4866-99C7-769350115B9C}.Debug|Any CPU.Build.0 = Debug|Any CPU
		{67AD2CB8-00C6-4866-99C7-769350115B9C}.Release|Any CPU.ActiveCfg = Release|Any CPU
		{67AD2CB8-00C6-4866-99C7-769350115B9C}.Release|Any CPU.Build.0 = Release|Any CPU
		{9A4EAE54-1FE0-4352-9487-5A346B23DA68}.Debug|Any CPU.ActiveCfg = Debug|Any CPU
		{9A4EAE54-1FE0-4352-9487-5A346B23DA68}.Debug|Any CPU.Build.0 = Debug|Any CPU
		{9A4EAE54-1FE0-4352-9487-5A346B23DA68}.Release|Any CPU.ActiveCfg = Release|Any CPU
		{9A4EAE54-1FE0-4352-9487-5A346B23DA68}.Release|Any CPU.Build.0 = Release|Any CPU
		{2C301F0C-9D3E-462D-8694-7C95896A33F5}.Debug|Any CPU.ActiveCfg = Debug|Any CPU
		{2C301F0C-9D3E-462D-8694-7C95896A33F5}.Debug|Any CPU.Build.0 = Debug|Any CPU
		{2C301F0C-9D3E-462D-8694-7C95896A33F5}.Release|Any CPU.ActiveCfg = Release|Any CPU
		{2C301F0C-9D3E-462D-8694-7C95896A33F5}.Release|Any CPU.Build.0 = Release|Any CPU
		{5DDE183B-19CE-46C9-979D-078986752F67}.Debug|Any CPU.ActiveCfg = Debug|Any CPU
		{5DDE183B-19CE-46C9-979D-078986752F67}.Debug|Any CPU.Build.0 = Debug|Any CPU
		{5DDE183B-19CE-46C9-979D-078986752F67}.Release|Any CPU.ActiveCfg = Release|Any CPU
		{5DDE183B-19CE-46C9-979D-078986752F67}.Release|Any CPU.Build.0 = Release|Any CPU
	EndGlobalSection
	GlobalSection(SolutionProperties) = preSolution
		HideSolutionNode = FALSE
	EndGlobalSection
	GlobalSection(NestedProjects) = preSolution
		{25865EE5-3E16-4336-AAE7-99CAD804A9F3} = {8B62FDA3-60B6-4106-A61C-2C0D299045B6}
		{624BF4EC-5035-4322-9A99-874A716500C9} = {0758DA89-220F-4DA0-8A09-D7AA4A26BE71}
		{0758DA89-220F-4DA0-8A09-D7AA4A26BE71} = {D5F05EB9-B86C-49B1-B512-DBEF24D7B84F}
		{8B62FDA3-60B6-4106-A61C-2C0D299045B6} = {D5F05EB9-B86C-49B1-B512-DBEF24D7B84F}
		{ADF7905C-E7E8-450D-AEFC-B8738D8B5293} = {0758DA89-220F-4DA0-8A09-D7AA4A26BE71}
		{81627BE2-B5AB-4628-A3D5-730D91D273B0} = {4927043A-B319-4695-9E58-D0F04BD2D8D9}
		{B990F3BC-7D9E-42D8-B02A-6AB1630D12DC} = {0C69BB82-2375-4B23-AA3D-99A539F860D4}
		{127912FA-B9E2-4185-A13C-A35CBF139DB5} = {0C69BB82-2375-4B23-AA3D-99A539F860D4}
		{67AD2CB8-00C6-4866-99C7-769350115B9C} = {0C69BB82-2375-4B23-AA3D-99A539F860D4}
		{9A4EAE54-1FE0-4352-9487-5A346B23DA68} = {4927043A-B319-4695-9E58-D0F04BD2D8D9}
		{2C301F0C-9D3E-462D-8694-7C95896A33F5} = {0758DA89-220F-4DA0-8A09-D7AA4A26BE71}
		{5DDE183B-19CE-46C9-979D-078986752F67} = {4927043A-B319-4695-9E58-D0F04BD2D8D9}
	EndGlobalSection
	GlobalSection(ExtensibilityGlobals) = postSolution
		SolutionGuid = {623301EF-AAC4-4FC1-A723-5C8A8EF7856E}
	EndGlobalSection
EndGlobal
